{
  "nodes": {
    "deploy-rs": {
      "inputs": {
        "flake-compat": "flake-compat",
        "nixpkgs": "nixpkgs",
        "utils": "utils"
      },
      "locked": {
        "lastModified": 1674127017,
        "narHash": "sha256-QO1xF7stu5ZMDLbHN30LFolMAwY6TVlzYvQoUs1RD68=",
        "owner": "serokell",
        "repo": "deploy-rs",
        "rev": "8c9ea9605eed20528bf60fae35a2b613b901fd77",
        "type": "github"
      },
      "original": {
        "owner": "serokell",
        "repo": "deploy-rs",
        "type": "github"
      }
    },
    "flake-compat": {
      "flake": false,
      "locked": {
        "lastModified": 1668681692,
        "narHash": "sha256-Ht91NGdewz8IQLtWZ9LCeNXMSXHUss+9COoqu6JLmXU=",
        "owner": "edolstra",
        "repo": "flake-compat",
        "rev": "009399224d5e398d03b22badca40a37ac85412a1",
        "type": "github"
      },
      "original": {
        "owner": "edolstra",
        "repo": "flake-compat",
        "type": "github"
      }
    },
    "home-manager": {
      "inputs": {
        "nixpkgs": [
          "nixpkgs"
        ],
        "utils": "utils_2"
      },
      "locked": {
        "lastModified": 1674477719,
        "narHash": "sha256-tciutt7rulypHZfbXp2j+5K6exyVAtsxF2//2J9BSvI=",
        "owner": "nix-community",
        "repo": "home-manager",
        "rev": "ab25abf9e5c07b3c90d78aa06c44a4085ecba003",
        "type": "github"
      },
      "original": {
        "owner": "nix-community",
        "repo": "home-manager",
        "type": "github"
      }
    },
    "nixpkgs": {
      "locked": {
        "lastModified": 1671417167,
        "narHash": "sha256-JkHam6WQOwZN1t2C2sbp1TqMv3TVRjzrdoejqfefwrM=",
        "owner": "NixOS",
        "repo": "nixpkgs",
        "rev": "bb31220cca6d044baa6dc2715b07497a2a7c4bc7",
        "type": "github"
      },
      "original": {
        "owner": "NixOS",
        "ref": "nixpkgs-unstable",
        "repo": "nixpkgs",
        "type": "github"
      }
    },
    "nixpkgs-stable": {
      "locked": {
        "lastModified": 1677948530,
        "narHash": "sha256-BkQjq8AGHD55RJe4PUnrWRZZ8jS64p/k0bGDck5wKwY=",
        "owner": "NixOS",
        "repo": "nixpkgs",
        "rev": "d51554151a91cd4543a7620843cc378e3cbc767e",
        "type": "github"
      },
      "original": {
        "owner": "NixOS",
        "ref": "release-22.11",
        "repo": "nixpkgs",
        "type": "github"
      }
    },
    "nixpkgs_2": {
      "locked": {
        "lastModified": 1674236650,
        "narHash": "sha256-B4GKL1YdJnII6DQNNJ4wDW1ySJVx2suB1h/v4Ql8J0Q=",
        "owner": "NixOS",
        "repo": "nixpkgs",
        "rev": "cfb43ad7b941d9c3606fb35d91228da7ebddbfc5",
        "type": "github"
      },
      "original": {
        "id": "nixpkgs",
        "type": "indirect"
      }
    },
    "root": {
      "inputs": {
        "deploy-rs": "deploy-rs",
        "home-manager": "home-manager",
        "nixpkgs": "nixpkgs_2",
        "sops-nix": "sops-nix"
      }
    },
    "sops-nix": {
      "inputs": {
        "nixpkgs": [
          "nixpkgs"
        ],
        "nixpkgs-stable": "nixpkgs-stable"
      },
      "locked": {
        "lastModified": 1677987270,
        "narHash": "sha256-NRqhY8jbrmP1C6oiVqv1T0T1r560eo4ZpmEdHoQmKj4=",
        "owner": "Mic92",
        "repo": "sops-nix",
        "rev": "7cff56b43952edc5a2c212076d5fc922f764240f",
        "type": "github"
      },
      "original": {
        "owner": "Mic92",
        "repo": "sops-nix",
        "type": "github"
      }
    },
    "utils": {
      "locked": {
        "lastModified": 1667395993,
        "narHash": "sha256-nuEHfE/LcWyuSWnS8t12N1wc105Qtau+/OdUAjtQ0rA=",
        "owner": "numtide",
        "repo": "flake-utils",
        "rev": "5aed5285a952e0b949eb3ba02c12fa4fcfef535f",
        "type": "github"
      },
      "original": {
        "owner": "numtide",
        "repo": "flake-utils",
        "type": "github"
      }
    },
    "utils_2": {
      "locked": {
        "lastModified": 1667395993,
        "narHash": "sha256-nuEHfE/LcWyuSWnS8t12N1wc105Qtau+/OdUAjtQ0rA=",
        "owner": "numtide",
        "repo": "flake-utils",
        "rev": "5aed5285a952e0b949eb3ba02c12fa4fcfef535f",
        "type": "github"
      },
      "original": {
        "owner": "numtide",
        "repo": "flake-utils",
        "type": "github"
      }
    }
  },
  "root": "root",
  "version": 7
}
